// !$*UTF8*$!
{
	archiveVersion = 1;
	classes = {
	};
	objectVersion = 46;
	objects = {

/* Begin PBXBuildFile section */
		CE18512913E75FC30097F5F6 /* bubble.png in Resources */ = {isa = PBXBuildFile; fileRef = CE18511C13E75FC30097F5F6 /* bubble.png */; };
		CE18512A13E75FC30097F5F6 /* bubble2.png in Resources */ = {isa = PBXBuildFile; fileRef = CE18511D13E75FC30097F5F6 /* bubble2.png */; };
		CE18512B13E75FC30097F5F6 /* bubble3.png in Resources */ = {isa = PBXBuildFile; fileRef = CE18511E13E75FC30097F5F6 /* bubble3.png */; };
		CE18512C13E75FC30097F5F6 /* bubble4.png in Resources */ = {isa = PBXBuildFile; fileRef = CE18511F13E75FC30097F5F6 /* bubble4.png */; };
		CE18512D13E75FC30097F5F6 /* bubble5.png in Resources */ = {isa = PBXBuildFile; fileRef = CE18512013E75FC30097F5F6 /* bubble5.png */; };
		CE18512F13E75FC30097F5F6 /* green_ball1.png in Resources */ = {isa = PBXBuildFile; fileRef = CE18512213E75FC30097F5F6 /* green_ball1.png */; };
		CE18513013E75FC30097F5F6 /* green_ball2.png in Resources */ = {isa = PBXBuildFile; fileRef = CE18512313E75FC30097F5F6 /* green_ball2.png */; };
		CE18513113E75FC30097F5F6 /* green_ball3.png in Resources */ = {isa = PBXBuildFile; fileRef = CE18512413E75FC30097F5F6 /* green_ball3.png */; };
		CE18513213E75FC30097F5F6 /* green_ball5.png in Resources */ = {isa = PBXBuildFile; fileRef = CE18512513E75FC30097F5F6 /* green_ball5.png */; };
		CE18513413E75FC30097F5F6 /* menu_title screen.png in Resources */ = {isa = PBXBuildFile; fileRef = CE18512713E75FC30097F5F6 /* menu_title screen.png */; };
		CE3F05F3139F1E45002F2D99 /* f1.png in Resources */ = {isa = PBXBuildFile; fileRef = CE3F05EE139F1E45002F2D99 /* f1.png */; };
		CE3F05F4139F1E45002F2D99 /* f2.png in Resources */ = {isa = PBXBuildFile; fileRef = CE3F05EF139F1E45002F2D99 /* f2.png */; };
		CE3F05F5139F1E45002F2D99 /* f3.png in Resources */ = {isa = PBXBuildFile; fileRef = CE3F05F0139F1E45002F2D99 /* f3.png */; };
		CE3F05F6139F1E45002F2D99 /* f4.png in Resources */ = {isa = PBXBuildFile; fileRef = CE3F05F1139F1E45002F2D99 /* f4.png */; };
		CE3F05F7139F1E45002F2D99 /* f5.png in Resources */ = {isa = PBXBuildFile; fileRef = CE3F05F2139F1E45002F2D99 /* f5.png */; };
		CE4E144913D9E391008A8391 /* Main.png in Resources */ = {isa = PBXBuildFile; fileRef = CE4E144813D9E391008A8391 /* Main.png */; };
		CE6DDB2613E1CC2300507DDB /* info_page.png in Resources */ = {isa = PBXBuildFile; fileRef = CE6DDB2513E1CC2300507DDB /* info_page.png */; };
		CE8F510613E7606900EE3BB5 /* GameKit.framework in Frameworks */ = {isa = PBXBuildFile; fileRef = CE8F510513E7606900EE3BB5 /* GameKit.framework */; };
		CE9E0E8113F41D8C0085D8B4 /* Main1.png in Resources */ = {isa = PBXBuildFile; fileRef = CE9E0E8013F41D8C0085D8B4 /* Main1.png */; };
		CE9E0E8713F41DA50085D8B4 /* dragon egg.png in Resources */ = {isa = PBXBuildFile; fileRef = CE9E0E8313F41DA50085D8B4 /* dragon egg.png */; };
		CE9E0E8813F41DA50085D8B4 /* dragon egg2.png in Resources */ = {isa = PBXBuildFile; fileRef = CE9E0E8413F41DA50085D8B4 /* dragon egg2.png */; };
		CE9E0E8913F41DA50085D8B4 /* dragon egg3.png in Resources */ = {isa = PBXBuildFile; fileRef = CE9E0E8513F41DA50085D8B4 /* dragon egg3.png */; };
		CE9E0E8A13F41DA50085D8B4 /* dragon egg4.png in Resources */ = {isa = PBXBuildFile; fileRef = CE9E0E8613F41DA50085D8B4 /* dragon egg4.png */; };
		CE9E0E8C13F41DB30085D8B4 /* forest.png in Resources */ = {isa = PBXBuildFile; fileRef = CE9E0E8B13F41DB30085D8B4 /* forest.png */; };
		CE9E0E9213F41DEF0085D8B4 /* dragonrunner (1).png in Resources */ = {isa = PBXBuildFile; fileRef = CE9E0E8D13F41DEE0085D8B4 /* dragonrunner (1).png */; };
		CE9E0E9313F41DEF0085D8B4 /* dragonrunner2.png in Resources */ = {isa = PBXBuildFile; fileRef = CE9E0E8E13F41DEE0085D8B4 /* dragonrunner2.png */; };
		CE9E0E9413F41DEF0085D8B4 /* dragonrunner3.png in Resources */ = {isa = PBXBuildFile; fileRef = CE9E0E8F13F41DEE0085D8B4 /* dragonrunner3.png */; };
		CE9E0E9513F41DEF0085D8B4 /* dragonrunner4.png in Resources */ = {isa = PBXBuildFile; fileRef = CE9E0E9013F41DEE0085D8B4 /* dragonrunner4.png */; };
		CE9E0E9613F41DEF0085D8B4 /* dragonrunner5.png in Resources */ = {isa = PBXBuildFile; fileRef = CE9E0E9113F41DEF0085D8B4 /* dragonrunner5.png */; };
		CE9E0E9B13F41DF80085D8B4 /* pausebutton.png in Resources */ = {isa = PBXBuildFile; fileRef = CE9E0E9713F41DF80085D8B4 /* pausebutton.png */; };
		CE9E0E9C13F41DF80085D8B4 /* play_button.png in Resources */ = {isa = PBXBuildFile; fileRef = CE9E0E9813F41DF80085D8B4 /* play_button.png */; };
		CE9E0E9D13F41DF80085D8B4 /* Restartbutton.png in Resources */ = {isa = PBXBuildFile; fileRef = CE9E0E9913F41DF80085D8B4 /* Restartbutton.png */; };
		CE9E0E9E13F41DF80085D8B4 /* resume.png in Resources */ = {isa = PBXBuildFile; fileRef = CE9E0E9A13F41DF80085D8B4 /* resume.png */; };
		CE9E0EA113F41E0A0085D8B4 /* underwater copy.png in Resources */ = {isa = PBXBuildFile; fileRef = CE9E0E9F13F41E0A0085D8B4 /* underwater copy.png */; };
		CE9E0EA213F41E0A0085D8B4 /* underwater2.png in Resources */ = {isa = PBXBuildFile; fileRef = CE9E0EA013F41E0A0085D8B4 /* underwater2.png */; };
		CE9E0EA413F41EB70085D8B4 /* play_button1.png in Resources */ = {isa = PBXBuildFile; fileRef = CE9E0EA313F41EB70085D8B4 /* play_button1.png */; };
		CE9E0EA813F41F630085D8B4 /* desert1.png in Resources */ = {isa = PBXBuildFile; fileRef = CE9E0EA713F41F630085D8B4 /* desert1.png */; };
		CEA2DE3313E7A2570048029C /* Default.png in Resources */ = {isa = PBXBuildFile; fileRef = CEA2DE3113E7A2570048029C /* Default.png */; };
		CEA2DE3413E7A2570048029C /* stages_button.png in Resources */ = {isa = PBXBuildFile; fileRef = CEA2DE3213E7A2570048029C /* stages_button.png */; };
		CEBB7497139BD5D700E693B8 /* GameViewController.m in Sources */ = {isa = PBXBuildFile; fileRef = CEBB7495139BD5D700E693B8 /* GameViewController.m */; };
		CEBB7498139BD5D700E693B8 /* GameViewController.xib in Resources */ = {isa = PBXBuildFile; fileRef = CEBB7496139BD5D700E693B8 /* GameViewController.xib */; };
		CEBB749C139BD7F000E693B8 /* SettingsViewController.m in Sources */ = {isa = PBXBuildFile; fileRef = CEBB749A139BD7F000E693B8 /* SettingsViewController.m */; };
		CEBB749D139BD7F000E693B8 /* SettingsViewController.xib in Resources */ = {isa = PBXBuildFile; fileRef = CEBB749B139BD7F000E693B8 /* SettingsViewController.xib */; };
		CEBB74A1139BD80100E693B8 /* InfoViewController.m in Sources */ = {isa = PBXBuildFile; fileRef = CEBB749F139BD80100E693B8 /* InfoViewController.m */; };
		CEBB74A2139BD80100E693B8 /* InfoViewController.xib in Resources */ = {isa = PBXBuildFile; fileRef = CEBB74A0139BD80100E693B8 /* InfoViewController.xib */; };
		CEBB74A4139BF98400E693B8 /* QuartzCore.framework in Frameworks */ = {isa = PBXBuildFile; fileRef = CEBB74A3139BF98400E693B8 /* QuartzCore.framework */; };
		CEBB74A6139BF98A00E693B8 /* iAd.framework in Frameworks */ = {isa = PBXBuildFile; fileRef = CEBB74A5139BF98A00E693B8 /* iAd.framework */; };
		CECCD96E13B7A9E000CD876C /* button_screen.png in Resources */ = {isa = PBXBuildFile; fileRef = CECCD96B13B7A9E000CD876C /* button_screen.png */; };
		CECCD97613B7A9EB00CD876C /* Highscore_button.png in Resources */ = {isa = PBXBuildFile; fileRef = CECCD97213B7A9EB00CD876C /* Highscore_button.png */; };
		CECCD97913B7A9EB00CD876C /* settings_button.png in Resources */ = {isa = PBXBuildFile; fileRef = CECCD97513B7A9EB00CD876C /* settings_button.png */; };
		CED1E0E713E9DEC800E1979A /* infopage.png in Resources */ = {isa = PBXBuildFile; fileRef = CED1E0E613E9DEC800E1979A /* infopage.png */; };
		CEEFDCD713DDD94A0013EF2E /* icon_57.png in Resources */ = {isa = PBXBuildFile; fileRef = CEEFDCD613DDD94A0013EF2E /* icon_57.png */; };
		CEFAA75C139B149D0081FA9C /* UIKit.framework in Frameworks */ = {isa = PBXBuildFile; fileRef = CEFAA75B139B149D0081FA9C /* UIKit.framework */; };
		CEFAA75E139B149D0081FA9C /* Foundation.framework in Frameworks */ = {isa = PBXBuildFile; fileRef = CEFAA75D139B149D0081FA9C /* Foundation.framework */; };
		CEFAA760139B149D0081FA9C /* CoreGraphics.framework in Frameworks */ = {isa = PBXBuildFile; fileRef = CEFAA75F139B149D0081FA9C /* CoreGraphics.framework */; };
		CEFAA766139B149D0081FA9C /* InfoPlist.strings in Resources */ = {isa = PBXBuildFile; fileRef = CEFAA764139B149D0081FA9C /* InfoPlist.strings */; };
		CEFAA769139B149D0081FA9C /* main.m in Sources */ = {isa = PBXBuildFile; fileRef = CEFAA768139B149D0081FA9C /* main.m */; };
		CEFAA76C139B149D0081FA9C /* DragonRunnerAppDelegate.m in Sources */ = {isa = PBXBuildFile; fileRef = CEFAA76B139B149D0081FA9C /* DragonRunnerAppDelegate.m */; };
		CEFAA76F139B149D0081FA9C /* MainWindow.xib in Resources */ = {isa = PBXBuildFile; fileRef = CEFAA76D139B149D0081FA9C /* MainWindow.xib */; };
		CEFAA772139B149D0081FA9C /* DragonRunnerViewController.m in Sources */ = {isa = PBXBuildFile; fileRef = CEFAA771139B149D0081FA9C /* DragonRunnerViewController.m */; };
		CEFAA775139B149D0081FA9C /* DragonRunnerViewController.xib in Resources */ = {isa = PBXBuildFile; fileRef = CEFAA773139B149D0081FA9C /* DragonRunnerViewController.xib */; };
		CEFC91CE13F1E40F000F5807 /* info_button.png in Resources */ = {isa = PBXBuildFile; fileRef = CEFC91CD13F1E40F000F5807 /* info_button.png */; };
/* End PBXBuildFile section */

/* Begin PBXFileReference section */
		CE18511C13E75FC30097F5F6 /* bubble.png */ = {isa = PBXFileReference; lastKnownFileType = image.png; path = bubble.png; sourceTree = "<group>"; };
		CE18511D13E75FC30097F5F6 /* bubble2.png */ = {isa = PBXFileReference; lastKnownFileType = image.png; path = bubble2.png; sourceTree = "<group>"; };
		CE18511E13E75FC30097F5F6 /* bubble3.png */ = {isa = PBXFileReference; lastKnownFileType = image.png; path = bubble3.png; sourceTree = "<group>"; };
		CE18511F13E75FC30097F5F6 /* bubble4.png */ = {isa = PBXFileReference; lastKnownFileType = image.png; path = bubble4.png; sourceTree = "<group>"; };
		CE18512013E75FC30097F5F6 /* bubble5.png */ = {isa = PBXFileReference; lastKnownFileType = image.png; path = bubble5.png; sourceTree = "<group>"; };
		CE18512213E75FC30097F5F6 /* green_ball1.png */ = {isa = PBXFileReference; lastKnownFileType = image.png; path = green_ball1.png; sourceTree = "<group>"; };
		CE18512313E75FC30097F5F6 /* green_ball2.png */ = {isa = PBXFileReference; lastKnownFileType = image.png; path = green_ball2.png; sourceTree = "<group>"; };
		CE18512413E75FC30097F5F6 /* green_ball3.png */ = {isa = PBXFileReference; lastKnownFileType = image.png; path = green_ball3.png; sourceTree = "<group>"; };
		CE18512513E75FC30097F5F6 /* green_ball5.png */ = {isa = PBXFileReference; lastKnownFileType = image.png; path = green_ball5.png; sourceTree = "<group>"; };
		CE18512713E75FC30097F5F6 /* menu_title screen.png */ = {isa = PBXFileReference; lastKnownFileType = image.png; path = "menu_title screen.png"; sourceTree = "<group>"; };
		CE3F05EE139F1E45002F2D99 /* f1.png */ = {isa = PBXFileReference; lastKnownFileType = image.png; path = f1.png; sourceTree = "<group>"; };
		CE3F05EF139F1E45002F2D99 /* f2.png */ = {isa = PBXFileReference; lastKnownFileType = image.png; path = f2.png; sourceTree = "<group>"; };
		CE3F05F0139F1E45002F2D99 /* f3.png */ = {isa = PBXFileReference; lastKnownFileType = image.png; path = f3.png; sourceTree = "<group>"; };
		CE3F05F1139F1E45002F2D99 /* f4.png */ = {isa = PBXFileReference; lastKnownFileType = image.png; path = f4.png; sourceTree = "<group>"; };
		CE3F05F2139F1E45002F2D99 /* f5.png */ = {isa = PBXFileReference; lastKnownFileType = image.png; path = f5.png; sourceTree = "<group>"; };
		CE4E144813D9E391008A8391 /* Main.png */ = {isa = PBXFileReference; lastKnownFileType = image.png; path = Main.png; sourceTree = "<group>"; };
		CE6DDB2513E1CC2300507DDB /* info_page.png */ = {isa = PBXFileReference; lastKnownFileType = image.png; path = info_page.png; sourceTree = "<group>"; };
		CE8F510513E7606900EE3BB5 /* GameKit.framework */ = {isa = PBXFileReference; lastKnownFileType = wrapper.framework; name = GameKit.framework; path = System/Library/Frameworks/GameKit.framework; sourceTree = SDKROOT; };
		CE9E0E8013F41D8C0085D8B4 /* Main1.png */ = {isa = PBXFileReference; lastKnownFileType = image.png; path = Main1.png; sourceTree = "<group>"; };
		CE9E0E8313F41DA50085D8B4 /* dragon egg.png */ = {isa = PBXFileReference; lastKnownFileType = image.png; path = "dragon egg.png"; sourceTree = "<group>"; };
		CE9E0E8413F41DA50085D8B4 /* dragon egg2.png */ = {isa = PBXFileReference; lastKnownFileType = image.png; path = "dragon egg2.png"; sourceTree = "<group>"; };
		CE9E0E8513F41DA50085D8B4 /* dragon egg3.png */ = {isa = PBXFileReference; lastKnownFileType = image.png; path = "dragon egg3.png"; sourceTree = "<group>"; };
		CE9E0E8613F41DA50085D8B4 /* dragon egg4.png */ = {isa = PBXFileReference; lastKnownFileType = image.png; path = "dragon egg4.png"; sourceTree = "<group>"; };
		CE9E0E8B13F41DB30085D8B4 /* forest.png */ = {isa = PBXFileReference; lastKnownFileType = image.png; path = forest.png; sourceTree = "<group>"; };
		CE9E0E8D13F41DEE0085D8B4 /* dragonrunner (1).png */ = {isa = PBXFileReference; lastKnownFileType = image.png; path = "dragonrunner (1).png"; sourceTree = "<group>"; };
		CE9E0E8E13F41DEE0085D8B4 /* dragonrunner2.png */ = {isa = PBXFileReference; lastKnownFileType = image.png; path = dragonrunner2.png; sourceTree = "<group>"; };
		CE9E0E8F13F41DEE0085D8B4 /* dragonrunner3.png */ = {isa = PBXFileReference; lastKnownFileType = image.png; path = dragonrunner3.png; sourceTree = "<group>"; };
		CE9E0E9013F41DEE0085D8B4 /* dragonrunner4.png */ = {isa = PBXFileReference; lastKnownFileType = image.png; path = dragonrunner4.png; sourceTree = "<group>"; };
		CE9E0E9113F41DEF0085D8B4 /* dragonrunner5.png */ = {isa = PBXFileReference; lastKnownFileType = image.png; path = dragonrunner5.png; sourceTree = "<group>"; };
		CE9E0E9713F41DF80085D8B4 /* pausebutton.png */ = {isa = PBXFileReference; lastKnownFileType = image.png; path = pausebutton.png; sourceTree = "<group>"; };
		CE9E0E9813F41DF80085D8B4 /* play_button.png */ = {isa = PBXFileReference; lastKnownFileType = image.png; path = play_button.png; sourceTree = "<group>"; };
		CE9E0E9913F41DF80085D8B4 /* Restartbutton.png */ = {isa = PBXFileReference; lastKnownFileType = image.png; path = Restartbutton.png; sourceTree = "<group>"; };
		CE9E0E9A13F41DF80085D8B4 /* resume.png */ = {isa = PBXFileReference; lastKnownFileType = image.png; path = resume.png; sourceTree = "<group>"; };
		CE9E0E9F13F41E0A0085D8B4 /* underwater copy.png */ = {isa = PBXFileReference; lastKnownFileType = image.png; path = "underwater copy.png"; sourceTree = "<group>"; };
		CE9E0EA013F41E0A0085D8B4 /* underwater2.png */ = {isa = PBXFileReference; lastKnownFileType = image.png; path = underwater2.png; sourceTree = "<group>"; };
		CE9E0EA313F41EB70085D8B4 /* play_button1.png */ = {isa = PBXFileReference; lastKnownFileType = image.png; path = play_button1.png; sourceTree = "<group>"; };
		CE9E0EA713F41F630085D8B4 /* desert1.png */ = {isa = PBXFileReference; lastKnownFileType = image.png; path = desert1.png; sourceTree = "<group>"; };
		CEA2DE3113E7A2570048029C /* Default.png */ = {isa = PBXFileReference; lastKnownFileType = image.png; path = Default.png; sourceTree = "<group>"; };
		CEA2DE3213E7A2570048029C /* stages_button.png */ = {isa = PBXFileReference; lastKnownFileType = image.png; path = stages_button.png; sourceTree = "<group>"; };
		CEBB7494139BD5D700E693B8 /* GameViewController.h */ = {isa = PBXFileReference; fileEncoding = 4; lastKnownFileType = sourcecode.c.h; path = GameViewController.h; sourceTree = "<group>"; };
		CEBB7495139BD5D700E693B8 /* GameViewController.m */ = {isa = PBXFileReference; fileEncoding = 4; lastKnownFileType = sourcecode.c.objc; path = GameViewController.m; sourceTree = "<group>"; };
		CEBB7496139BD5D700E693B8 /* GameViewController.xib */ = {isa = PBXFileReference; fileEncoding = 4; lastKnownFileType = file.xib; path = GameViewController.xib; sourceTree = "<group>"; };
		CEBB7499139BD7F000E693B8 /* SettingsViewController.h */ = {isa = PBXFileReference; fileEncoding = 4; lastKnownFileType = sourcecode.c.h; path = SettingsViewController.h; sourceTree = "<group>"; };
		CEBB749A139BD7F000E693B8 /* SettingsViewController.m */ = {isa = PBXFileReference; fileEncoding = 4; lastKnownFileType = sourcecode.c.objc; path = SettingsViewController.m; sourceTree = "<group>"; };
		CEBB749B139BD7F000E693B8 /* SettingsViewController.xib */ = {isa = PBXFileReference; fileEncoding = 4; lastKnownFileType = file.xib; path = SettingsViewController.xib; sourceTree = "<group>"; };
		CEBB749E139BD80100E693B8 /* InfoViewController.h */ = {isa = PBXFileReference; fileEncoding = 4; lastKnownFileType = sourcecode.c.h; path = InfoViewController.h; sourceTree = "<group>"; };
		CEBB749F139BD80100E693B8 /* InfoViewController.m */ = {isa = PBXFileReference; fileEncoding = 4; lastKnownFileType = sourcecode.c.objc; path = InfoViewController.m; sourceTree = "<group>"; };
		CEBB74A0139BD80100E693B8 /* InfoViewController.xib */ = {isa = PBXFileReference; fileEncoding = 4; lastKnownFileType = file.xib; path = InfoViewController.xib; sourceTree = "<group>"; };
		CEBB74A3139BF98400E693B8 /* QuartzCore.framework */ = {isa = PBXFileReference; lastKnownFileType = wrapper.framework; name = QuartzCore.framework; path = System/Library/Frameworks/QuartzCore.framework; sourceTree = SDKROOT; };
		CEBB74A5139BF98A00E693B8 /* iAd.framework */ = {isa = PBXFileReference; lastKnownFileType = wrapper.framework; name = iAd.framework; path = System/Library/Frameworks/iAd.framework; sourceTree = SDKROOT; };
		CECCD96B13B7A9E000CD876C /* button_screen.png */ = {isa = PBXFileReference; lastKnownFileType = image.png; path = button_screen.png; sourceTree = "<group>"; };
		CECCD97213B7A9EB00CD876C /* Highscore_button.png */ = {isa = PBXFileReference; lastKnownFileType = image.png; path = Highscore_button.png; sourceTree = "<group>"; };
		CECCD97513B7A9EB00CD876C /* settings_button.png */ = {isa = PBXFileReference; lastKnownFileType = image.png; path = settings_button.png; sourceTree = "<group>"; };
		CED1E0E613E9DEC800E1979A /* infopage.png */ = {isa = PBXFileReference; lastKnownFileType = image.png; path = infopage.png; sourceTree = "<group>"; };
		CEEFDCD613DDD94A0013EF2E /* icon_57.png */ = {isa = PBXFileReference; lastKnownFileType = image.png; path = icon_57.png; sourceTree = "<group>"; };
		CEFAA757139B149D0081FA9C /* DragonRunner.app */ = {isa = PBXFileReference; explicitFileType = wrapper.application; includeInIndex = 0; path = DragonRunner.app; sourceTree = BUILT_PRODUCTS_DIR; };
		CEFAA75B139B149D0081FA9C /* UIKit.framework */ = {isa = PBXFileReference; lastKnownFileType = wrapper.framework; name = UIKit.framework; path = System/Library/Frameworks/UIKit.framework; sourceTree = SDKROOT; };
		CEFAA75D139B149D0081FA9C /* Foundation.framework */ = {isa = PBXFileReference; lastKnownFileType = wrapper.framework; name = Foundation.framework; path = System/Library/Frameworks/Foundation.framework; sourceTree = SDKROOT; };
		CEFAA75F139B149D0081FA9C /* CoreGraphics.framework */ = {isa = PBXFileReference; lastKnownFileType = wrapper.framework; name = CoreGraphics.framework; path = System/Library/Frameworks/CoreGraphics.framework; sourceTree = SDKROOT; };
		CEFAA763139B149D0081FA9C /* DragonRunner-Info.plist */ = {isa = PBXFileReference; lastKnownFileType = text.plist.xml; path = "DragonRunner-Info.plist"; sourceTree = "<group>"; };
		CEFAA765139B149D0081FA9C /* en */ = {isa = PBXFileReference; lastKnownFileType = text.plist.strings; name = en; path = en.lproj/InfoPlist.strings; sourceTree = "<group>"; };
		CEFAA767139B149D0081FA9C /* DragonRunner-Prefix.pch */ = {isa = PBXFileReference; lastKnownFileType = sourcecode.c.h; path = "DragonRunner-Prefix.pch"; sourceTree = "<group>"; };
		CEFAA768139B149D0081FA9C /* main.m */ = {isa = PBXFileReference; lastKnownFileType = sourcecode.c.objc; path = main.m; sourceTree = "<group>"; };
		CEFAA76A139B149D0081FA9C /* DragonRunnerAppDelegate.h */ = {isa = PBXFileReference; lastKnownFileType = sourcecode.c.h; path = DragonRunnerAppDelegate.h; sourceTree = "<group>"; };
		CEFAA76B139B149D0081FA9C /* DragonRunnerAppDelegate.m */ = {isa = PBXFileReference; lastKnownFileType = sourcecode.c.objc; path = DragonRunnerAppDelegate.m; sourceTree = "<group>"; };
		CEFAA76E139B149D0081FA9C /* en */ = {isa = PBXFileReference; lastKnownFileType = file.xib; name = en; path = en.lproj/MainWindow.xib; sourceTree = "<group>"; };
		CEFAA770139B149D0081FA9C /* DragonRunnerViewController.h */ = {isa = PBXFileReference; lastKnownFileType = sourcecode.c.h; path = DragonRunnerViewController.h; sourceTree = "<group>"; };
		CEFAA771139B149D0081FA9C /* DragonRunnerViewController.m */ = {isa = PBXFileReference; lastKnownFileType = sourcecode.c.objc; path = DragonRunnerViewController.m; sourceTree = "<group>"; };
		CEFAA774139B149D0081FA9C /* en */ = {isa = PBXFileReference; lastKnownFileType = file.xib; name = en; path = en.lproj/DragonRunnerViewController.xib; sourceTree = "<group>"; };
		CEFC91CD13F1E40F000F5807 /* info_button.png */ = {isa = PBXFileReference; lastKnownFileType = image.png; path = info_button.png; sourceTree = "<group>"; };
/* End PBXFileReference section */

/* Begin PBXFrameworksBuildPhase section */
		CEFAA754139B149D0081FA9C /* Frameworks */ = {
			isa = PBXFrameworksBuildPhase;
			buildActionMask = 2147483647;
			files = (
				CE8F510613E7606900EE3BB5 /* GameKit.framework in Frameworks */,
				CEBB74A6139BF98A00E693B8 /* iAd.framework in Frameworks */,
				CEBB74A4139BF98400E693B8 /* QuartzCore.framework in Frameworks */,
				CEFAA75C139B149D0081FA9C /* UIKit.framework in Frameworks */,
				CEFAA75E139B149D0081FA9C /* Foundation.framework in Frameworks */,
				CEFAA760139B149D0081FA9C /* CoreGraphics.framework in Frameworks */,
			);
			runOnlyForDeploymentPostprocessing = 0;
		};
/* End PBXFrameworksBuildPhase section */

/* Begin PBXGroup section */
		CEBB74AD139C2A4100E693B8 /* Images */ = {
			isa = PBXGroup;
			children = (
				CE18511C13E75FC30097F5F6 /* bubble.png */,
				CE18511D13E75FC30097F5F6 /* bubble2.png */,
				CE18511E13E75FC30097F5F6 /* bubble3.png */,
				CE18511F13E75FC30097F5F6 /* bubble4.png */,
				CE18512013E75FC30097F5F6 /* bubble5.png */,
				CE18512213E75FC30097F5F6 /* green_ball1.png */,
				CE18512313E75FC30097F5F6 /* green_ball2.png */,
				CE18512413E75FC30097F5F6 /* green_ball3.png */,
				CE18512513E75FC30097F5F6 /* green_ball5.png */,
				CEA2DE3113E7A2570048029C /* Default.png */,
				CEA2DE3213E7A2570048029C /* stages_button.png */,
				CE9E0EA713F41F630085D8B4 /* desert1.png */,
				CE18512713E75FC30097F5F6 /* menu_title screen.png */,
				CE9E0EA313F41EB70085D8B4 /* play_button1.png */,
				CED1E0E613E9DEC800E1979A /* infopage.png */,
				CEEFDCD613DDD94A0013EF2E /* icon_57.png */,
				CECCD97213B7A9EB00CD876C /* Highscore_button.png */,
				CEFC91CD13F1E40F000F5807 /* info_button.png */,
				CE9E0E9713F41DF80085D8B4 /* pausebutton.png */,
				CE9E0E9813F41DF80085D8B4 /* play_button.png */,
				CE9E0E9913F41DF80085D8B4 /* Restartbutton.png */,
				CE9E0E9F13F41E0A0085D8B4 /* underwater copy.png */,
				CE9E0EA013F41E0A0085D8B4 /* underwater2.png */,
				CE9E0E9A13F41DF80085D8B4 /* resume.png */,
				CE9E0E8013F41D8C0085D8B4 /* Main1.png */,
				CE4E144813D9E391008A8391 /* Main.png */,
				CE6DDB2513E1CC2300507DDB /* info_page.png */,
				CE9E0E8B13F41DB30085D8B4 /* forest.png */,
				CECCD97513B7A9EB00CD876C /* settings_button.png */,
				CECCD96B13B7A9E000CD876C /* button_screen.png */,
				CE9E0E8313F41DA50085D8B4 /* dragon egg.png */,
				CE9E0E8D13F41DEE0085D8B4 /* dragonrunner (1).png */,
				CE9E0E8E13F41DEE0085D8B4 /* dragonrunner2.png */,
				CE9E0E8F13F41DEE0085D8B4 /* dragonrunner3.png */,
				CE9E0E9013F41DEE0085D8B4 /* dragonrunner4.png */,
				CE9E0E9113F41DEF0085D8B4 /* dragonrunner5.png */,
				CE9E0E8413F41DA50085D8B4 /* dragon egg2.png */,
				CE9E0E8513F41DA50085D8B4 /* dragon egg3.png */,
				CE9E0E8613F41DA50085D8B4 /* dragon egg4.png */,
				CE3F05EE139F1E45002F2D99 /* f1.png */,
				CE3F05EF139F1E45002F2D99 /* f2.png */,
				CE3F05F0139F1E45002F2D99 /* f3.png */,
				CE3F05F1139F1E45002F2D99 /* f4.png */,
				CE3F05F2139F1E45002F2D99 /* f5.png */,
			);
			name = Images;
			path = DragonRunner;
			sourceTree = "<group>";
		};
		CEFAA74C139B149C0081FA9C = {
			isa = PBXGroup;
			children = (
				CEFAA77B139B14C50081FA9C /* Resources */,
				CEFAA761139B149D0081FA9C /* DragonRunner */,
				CEBB74AD139C2A4100E693B8 /* Images */,
				CEFAA75A139B149D0081FA9C /* Frameworks */,
				CEFAA758139B149D0081FA9C /* Products */,
			);
			sourceTree = "<group>";
		};
		CEFAA758139B149D0081FA9C /* Products */ = {
			isa = PBXGroup;
			children = (
				CEFAA757139B149D0081FA9C /* DragonRunner.app */,
			);
			name = Products;
			sourceTree = "<group>";
		};
		CEFAA75A139B149D0081FA9C /* Frameworks */ = {
			isa = PBXGroup;
			children = (
				CE8F510513E7606900EE3BB5 /* GameKit.framework */,
				CEBB74A5139BF98A00E693B8 /* iAd.framework */,
				CEBB74A3139BF98400E693B8 /* QuartzCore.framework */,
				CEFAA75B139B149D0081FA9C /* UIKit.framework */,
				CEFAA75D139B149D0081FA9C /* Foundation.framework */,
				CEFAA75F139B149D0081FA9C /* CoreGraphics.framework */,
			);
			name = Frameworks;
			sourceTree = "<group>";
		};
		CEFAA761139B149D0081FA9C /* DragonRunner */ = {
			isa = PBXGroup;
			children = (
				CEFAA76A139B149D0081FA9C /* DragonRunnerAppDelegate.h */,
				CEFAA76B139B149D0081FA9C /* DragonRunnerAppDelegate.m */,
				CEFAA770139B149D0081FA9C /* DragonRunnerViewController.h */,
				CEFAA771139B149D0081FA9C /* DragonRunnerViewController.m */,
				CEBB7494139BD5D700E693B8 /* GameViewController.h */,
				CEBB7495139BD5D700E693B8 /* GameViewController.m */,
				CEBB7499139BD7F000E693B8 /* SettingsViewController.h */,
				CEBB749A139BD7F000E693B8 /* SettingsViewController.m */,
				CEBB749E139BD80100E693B8 /* InfoViewController.h */,
				CEBB749F139BD80100E693B8 /* InfoViewController.m */,
				CEFAA762139B149D0081FA9C /* Supporting Files */,
			);
			path = DragonRunner;
			sourceTree = "<group>";
		};
		CEFAA762139B149D0081FA9C /* Supporting Files */ = {
			isa = PBXGroup;
			children = (
				CEFAA763139B149D0081FA9C /* DragonRunner-Info.plist */,
				CEFAA764139B149D0081FA9C /* InfoPlist.strings */,
				CEFAA767139B149D0081FA9C /* DragonRunner-Prefix.pch */,
				CEFAA768139B149D0081FA9C /* main.m */,
			);
			name = "Supporting Files";
			sourceTree = "<group>";
		};
		CEFAA77B139B14C50081FA9C /* Resources */ = {
			isa = PBXGroup;
			children = (
				CEFAA773139B149D0081FA9C /* DragonRunnerViewController.xib */,
				CEFAA76D139B149D0081FA9C /* MainWindow.xib */,
				CEBB7496139BD5D700E693B8 /* GameViewController.xib */,
				CEBB749B139BD7F000E693B8 /* SettingsViewController.xib */,
				CEBB74A0139BD80100E693B8 /* InfoViewController.xib */,
			);
			name = Resources;
			path = DragonRunner;
			sourceTree = "<group>";
		};
/* End PBXGroup section */

/* Begin PBXNativeTarget section */
		CEFAA756139B149D0081FA9C /* DragonRunner */ = {
			isa = PBXNativeTarget;
			buildConfigurationList = CEFAA778139B149D0081FA9C /* Build configuration list for PBXNativeTarget "DragonRunner" */;
			buildPhases = (
				CEFAA753139B149D0081FA9C /* Sources */,
				CEFAA754139B149D0081FA9C /* Frameworks */,
				CEFAA755139B149D0081FA9C /* Resources */,
			);
			buildRules = (
			);
			dependencies = (
			);
			name = DragonRunner;
			productName = DragonRunner;
			productReference = CEFAA757139B149D0081FA9C /* DragonRunner.app */;
			productType = "com.apple.product-type.application";
		};
/* End PBXNativeTarget section */

/* Begin PBXProject section */
		CEFAA74E139B149C0081FA9C /* Project object */ = {
			isa = PBXProject;
			buildConfigurationList = CEFAA751139B149C0081FA9C /* Build configuration list for PBXProject "DragonRunner" */;
			compatibilityVersion = "Xcode 3.2";
			developmentRegion = English;
			hasScannedForEncodings = 0;
			knownRegions = (
				en,
			);
			mainGroup = CEFAA74C139B149C0081FA9C;
			productRefGroup = CEFAA758139B149D0081FA9C /* Products */;
			projectDirPath = "";
			projectRoot = "";
			targets = (
				CEFAA756139B149D0081FA9C /* DragonRunner */,
			);
		};
/* End PBXProject section */

/* Begin PBXResourcesBuildPhase section */
		CEFAA755139B149D0081FA9C /* Resources */ = {
			isa = PBXResourcesBuildPhase;
			buildActionMask = 2147483647;
			files = (
				CEFAA766139B149D0081FA9C /* InfoPlist.strings in Resources */,
				CEFAA76F139B149D0081FA9C /* MainWindow.xib in Resources */,
				CEFAA775139B149D0081FA9C /* DragonRunnerViewController.xib in Resources */,
				CEBB7498139BD5D700E693B8 /* GameViewController.xib in Resources */,
				CEBB749D139BD7F000E693B8 /* SettingsViewController.xib in Resources */,
				CEBB74A2139BD80100E693B8 /* InfoViewController.xib in Resources */,
				CE3F05F3139F1E45002F2D99 /* f1.png in Resources */,
				CE3F05F4139F1E45002F2D99 /* f2.png in Resources */,
				CE3F05F5139F1E45002F2D99 /* f3.png in Resources */,
				CE3F05F6139F1E45002F2D99 /* f4.png in Resources */,
				CE3F05F7139F1E45002F2D99 /* f5.png in Resources */,
				CECCD96E13B7A9E000CD876C /* button_screen.png in Resources */,
				CECCD97613B7A9EB00CD876C /* Highscore_button.png in Resources */,
				CECCD97913B7A9EB00CD876C /* settings_button.png in Resources */,
				CE4E144913D9E391008A8391 /* Main.png in Resources */,
				CEEFDCD713DDD94A0013EF2E /* icon_57.png in Resources */,
				CE6DDB2613E1CC2300507DDB /* info_page.png in Resources */,
				CE18512913E75FC30097F5F6 /* bubble.png in Resources */,
				CE18512A13E75FC30097F5F6 /* bubble2.png in Resources */,
				CE18512B13E75FC30097F5F6 /* bubble3.png in Resources */,
				CE18512C13E75FC30097F5F6 /* bubble4.png in Resources */,
				CE18512D13E75FC30097F5F6 /* bubble5.png in Resources */,
				CE18512F13E75FC30097F5F6 /* green_ball1.png in Resources */,
				CE18513013E75FC30097F5F6 /* green_ball2.png in Resources */,
				CE18513113E75FC30097F5F6 /* green_ball3.png in Resources */,
				CE18513213E75FC30097F5F6 /* green_ball5.png in Resources */,
				CE18513413E75FC30097F5F6 /* menu_title screen.png in Resources */,
				CEA2DE3313E7A2570048029C /* Default.png in Resources */,
				CEA2DE3413E7A2570048029C /* stages_button.png in Resources */,
				CED1E0E713E9DEC800E1979A /* infopage.png in Resources */,
				CEFC91CE13F1E40F000F5807 /* info_button.png in Resources */,
				CE9E0E8113F41D8C0085D8B4 /* Main1.png in Resources */,
				CE9E0E8713F41DA50085D8B4 /* dragon egg.png in Resources */,
				CE9E0E8813F41DA50085D8B4 /* dragon egg2.png in Resources */,
				CE9E0E8913F41DA50085D8B4 /* dragon egg3.png in Resources */,
				CE9E0E8A13F41DA50085D8B4 /* dragon egg4.png in Resources */,
				CE9E0E8C13F41DB30085D8B4 /* forest.png in Resources */,
				CE9E0E9213F41DEF0085D8B4 /* dragonrunner (1).png in Resources */,
				CE9E0E9313F41DEF0085D8B4 /* dragonrunner2.png in Resources */,
				CE9E0E9413F41DEF0085D8B4 /* dragonrunner3.png in Resources */,
				CE9E0E9513F41DEF0085D8B4 /* dragonrunner4.png in Resources */,
				CE9E0E9613F41DEF0085D8B4 /* dragonrunner5.png in Resources */,
				CE9E0E9B13F41DF80085D8B4 /* pausebutton.png in Resources */,
				CE9E0E9C13F41DF80085D8B4 /* play_button.png in Resources */,
				CE9E0E9D13F41DF80085D8B4 /* Restartbutton.png in Resources */,
				CE9E0E9E13F41DF80085D8B4 /* resume.png in Resources */,
				CE9E0EA113F41E0A0085D8B4 /* underwater copy.png in Resources */,
				CE9E0EA213F41E0A0085D8B4 /* underwater2.png in Resources */,
				CE9E0EA413F41EB70085D8B4 /* play_button1.png in Resources */,
				CE9E0EA813F41F630085D8B4 /* desert1.png in Resources */,
			);
			runOnlyForDeploymentPostprocessing = 0;
		};
/* End PBXResourcesBuildPhase section */

/* Begin PBXSourcesBuildPhase section */
		CEFAA753139B149D0081FA9C /* Sources */ = {
			isa = PBXSourcesBuildPhase;
			buildActionMask = 2147483647;
			files = (
				CEFAA769139B149D0081FA9C /* main.m in Sources */,
				CEFAA76C139B149D0081FA9C /* DragonRunnerAppDelegate.m in Sources */,
				CEFAA772139B149D0081FA9C /* DragonRunnerViewController.m in Sources */,
				CEBB7497139BD5D700E693B8 /* GameViewController.m in Sources */,
				CEBB749C139BD7F000E693B8 /* SettingsViewController.m in Sources */,
				CEBB74A1139BD80100E693B8 /* InfoViewController.m in Sources */,
			);
			runOnlyForDeploymentPostprocessing = 0;
		};
/* End PBXSourcesBuildPhase section */

/* Begin PBXVariantGroup section */
		CEFAA764139B149D0081FA9C /* InfoPlist.strings */ = {
			isa = PBXVariantGroup;
			children = (
				CEFAA765139B149D0081FA9C /* en */,
			);
			name = InfoPlist.strings;
			sourceTree = "<group>";
		};
		CEFAA76D139B149D0081FA9C /* MainWindow.xib */ = {
			isa = PBXVariantGroup;
			children = (
				CEFAA76E139B149D0081FA9C /* en */,
			);
			name = MainWindow.xib;
			sourceTree = "<group>";
		};
		CEFAA773139B149D0081FA9C /* DragonRunnerViewController.xib */ = {
			isa = PBXVariantGroup;
			children = (
				CEFAA774139B149D0081FA9C /* en */,
			);
			name = DragonRunnerViewController.xib;
			sourceTree = "<group>";
		};
/* End PBXVariantGroup section */

/* Begin XCBuildConfiguration section */
		CEFAA776139B149D0081FA9C /* Debug */ = {
			isa = XCBuildConfiguration;
			buildSettings = {
				ARCHS = "$(ARCHS_STANDARD_32_BIT)";
				"CODE_SIGN_IDENTITY[sdk=iphoneos*]" = "iPhone Developer";
				GCC_C_LANGUAGE_STANDARD = gnu99;
				GCC_OPTIMIZATION_LEVEL = 0;
				GCC_PREPROCESSOR_DEFINITIONS = DEBUG;
				GCC_SYMBOLS_PRIVATE_EXTERN = NO;
				GCC_VERSION = com.apple.compilers.llvmgcc42;
				GCC_WARN_ABOUT_RETURN_TYPE = YES;
				GCC_WARN_UNUSED_VARIABLE = YES;
				IPHONEOS_DEPLOYMENT_TARGET = 3.0;
				SDKROOT = iphoneos;
			};
			name = Debug;
		};
		CEFAA777139B149D0081FA9C /* Release */ = {
			isa = XCBuildConfiguration;
			buildSettings = {
				ARCHS = "$(ARCHS_STANDARD_32_BIT)";
				"CODE_SIGN_IDENTITY[sdk=iphoneos*]" = "iPhone Developer";
				GCC_C_LANGUAGE_STANDARD = gnu99;
				GCC_VERSION = com.apple.compilers.llvmgcc42;
				GCC_WARN_ABOUT_RETURN_TYPE = YES;
				GCC_WARN_UNUSED_VARIABLE = YES;
				IPHONEOS_DEPLOYMENT_TARGET = 3.0;
				OTHER_CFLAGS = "-DNS_BLOCK_ASSERTIONS=1";
				SDKROOT = iphoneos;
			};
			name = Release;
		};
		CEFAA779139B149D0081FA9C /* Debug */ = {
			isa = XCBuildConfiguration;
			buildSettings = {
				ALWAYS_SEARCH_USER_PATHS = NO;
				COPY_PHASE_STRIP = NO;
				GCC_DYNAMIC_NO_PIC = NO;
				GCC_PRECOMPILE_PREFIX_HEADER = YES;
				GCC_PREFIX_HEADER = "DragonRunner/DragonRunner-Prefix.pch";
				INFOPLIST_FILE = "DragonRunner/DragonRunner-Info.plist";
				IPHONEOS_DEPLOYMENT_TARGET = 3.0;
				PRODUCT_NAME = "$(TARGET_NAME)";
				TARGETED_DEVICE_FAMILY = 1;
				WRAPPER_EXTENSION = app;
			};
			name = Debug;
		};
		CEFAA77A139B149D0081FA9C /* Release */ = {
			isa = XCBuildConfiguration;
			buildSettings = {
				ALWAYS_SEARCH_USER_PATHS = NO;
				"CODE_SIGN_IDENTITY[sdk=iphoneos*]" = "iPhone Distribution";
				COPY_PHASE_STRIP = YES;
				GCC_PRECOMPILE_PREFIX_HEADER = YES;
				GCC_PREFIX_HEADER = "DragonRunner/DragonRunner-Prefix.pch";
				INFOPLIST_FILE = "DragonRunner/DragonRunner-Info.plist";
				IPHONEOS_DEPLOYMENT_TARGET = 3.0;
				PRODUCT_NAME = "$(TARGET_NAME)";
				"PROVISIONING_PROFILE[sdk=iphoneos*]" = "";
				TARGETED_DEVICE_FAMILY = 1;
				VALIDATE_PRODUCT = YES;
				WRAPPER_EXTENSION = app;
			};
			name = Release;
		};
/* End XCBuildConfiguration section */

/* Begin XCConfigurationList section */
		CEFAA751139B149C0081FA9C /* Build configuration list for PBXProject "DragonRunner" */ = {
			isa = XCConfigurationList;
			buildConfigurations = (
				CEFAA776139B149D0081FA9C /* Debug */,
				CEFAA777139B149D0081FA9C /* Release */,
			);
			defaultConfigurationIsVisible = 0;
			defaultConfigurationName = Release;
		};
		CEFAA778139B149D0081FA9C /* Build configuration list for PBXNativeTarget "DragonRunner" */ = {
			isa = XCConfigurationList;
			buildConfigurations = (
				CEFAA779139B149D0081FA9C /* Debug */,
				CEFAA77A139B149D0081FA9C /* Release */,
			);
			defaultConfigurationIsVisible = 0;
			defaultConfigurationName = Release;
		};
/* End XCConfigurationList section */
	};
	rootObject = CEFAA74E139B149C0081FA9C /* Project object */;
}
